// !$*UTF8*$!
{
	archiveVersion = 1;
	classes = {
	};
	objectVersion = 48;
	objects = {

/* Begin PBXBuildFile section */
		6364AF001FE627DA0072F553 /* AppDelegate.swift in Sources */ = {isa = PBXBuildFile; fileRef = 6364AEFF1FE627DA0072F553 /* AppDelegate.swift */; };
		6364AF021FE627DA0072F553 /* ViewController.swift in Sources */ = {isa = PBXBuildFile; fileRef = 6364AF011FE627DA0072F553 /* ViewController.swift */; };
		6364AF051FE627DA0072F553 /* Main.storyboard in Resources */ = {isa = PBXBuildFile; fileRef = 6364AF031FE627DA0072F553 /* Main.storyboard */; };
		6364AF071FE627DA0072F553 /* Assets.xcassets in Resources */ = {isa = PBXBuildFile; fileRef = 6364AF061FE627DA0072F553 /* Assets.xcassets */; };
		6364AF0A1FE627DA0072F553 /* LaunchScreen.storyboard in Resources */ = {isa = PBXBuildFile; fileRef = 6364AF081FE627DA0072F553 /* LaunchScreen.storyboard */; };
		6364AF151FE627DA0072F553 /* ocrTestTests.swift in Sources */ = {isa = PBXBuildFile; fileRef = 6364AF141FE627DA0072F553 /* ocrTestTests.swift */; };
		6364AF201FE627DA0072F553 /* ocrTestUITests.swift in Sources */ = {isa = PBXBuildFile; fileRef = 6364AF1F1FE627DA0072F553 /* ocrTestUITests.swift */; };
/* End PBXBuildFile section */

/* Begin PBXContainerItemProxy section */
		6364AF111FE627DA0072F553 /* PBXContainerItemProxy */ = {
			isa = PBXContainerItemProxy;
			containerPortal = 6364AEF41FE627DA0072F553 /* Project object */;
			proxyType = 1;
			remoteGlobalIDString = 6364AEFB1FE627DA0072F553;
			remoteInfo = ocrTest;
		};
		6364AF1C1FE627DA0072F553 /* PBXContainerItemProxy */ = {
			isa = PBXContainerItemProxy;
			containerPortal = 6364AEF41FE627DA0072F553 /* Project object */;
			proxyType = 1;
			remoteGlobalIDString = 6364AEFB1FE627DA0072F553;
			remoteInfo = ocrTest;
		};
/* End PBXContainerItemProxy section */

/* Begin PBXFileReference section */
		6364AEFC1FE627DA0072F553 /* ocrTest.app */ = {isa = PBXFileReference; explicitFileType = wrapper.application; includeInIndex = 0; path = ocrTest.app; sourceTree = BUILT_PRODUCTS_DIR; };
		6364AEFF1FE627DA0072F553 /* AppDelegate.swift */ = {isa = PBXFileReference; lastKnownFileType = sourcecode.swift; path = AppDelegate.swift; sourceTree = "<group>"; };
		6364AF011FE627DA0072F553 /* ViewController.swift */ = {isa = PBXFileReference; lastKnownFileType = sourcecode.swift; path = ViewController.swift; sourceTree = "<group>"; };
		6364AF041FE627DA0072F553 /* Base */ = {isa = PBXFileReference; lastKnownFileType = file.storyboard; name = Base; path = Base.lproj/Main.storyboard; sourceTree = "<group>"; };
		6364AF061FE627DA0072F553 /* Assets.xcassets */ = {isa = PBXFileReference; lastKnownFileType = folder.assetcatalog; path = Assets.xcassets; sourceTree = "<group>"; };
		6364AF091FE627DA0072F553 /* Base */ = {isa = PBXFileReference; lastKnownFileType = file.storyboard; name = Base; path = Base.lproj/LaunchScreen.storyboard; sourceTree = "<group>"; };
		6364AF0B1FE627DA0072F553 /* Info.plist */ = {isa = PBXFileReference; lastKnownFileType = text.plist.xml; path = Info.plist; sourceTree = "<group>"; };
		6364AF101FE627DA0072F553 /* ocrTestTests.xctest */ = {isa = PBXFileReference; explicitFileType = wrapper.cfbundle; includeInIndex = 0; path = ocrTestTests.xctest; sourceTree = BUILT_PRODUCTS_DIR; };
		6364AF141FE627DA0072F553 /* ocrTestTests.swift */ = {isa = PBXFileReference; lastKnownFileType = sourcecode.swift; path = ocrTestTests.swift; sourceTree = "<group>"; };
		6364AF161FE627DA0072F553 /* Info.plist */ = {isa = PBXFileReference; lastKnownFileType = text.plist.xml; path = Info.plist; sourceTree = "<group>"; };
		6364AF1B1FE627DA0072F553 /* ocrTestUITests.xctest */ = {isa = PBXFileReference; explicitFileType = wrapper.cfbundle; includeInIndex = 0; path = ocrTestUITests.xctest; sourceTree = BUILT_PRODUCTS_DIR; };
		6364AF1F1FE627DA0072F553 /* ocrTestUITests.swift */ = {isa = PBXFileReference; lastKnownFileType = sourcecode.swift; path = ocrTestUITests.swift; sourceTree = "<group>"; };
		6364AF211FE627DB0072F553 /* Info.plist */ = {isa = PBXFileReference; lastKnownFileType = text.plist.xml; path = Info.plist; sourceTree = "<group>"; };
/* End PBXFileReference section */

/* Begin PBXFrameworksBuildPhase section */
		6364AEF91FE627DA0072F553 /* Frameworks */ = {
			isa = PBXFrameworksBuildPhase;
			buildActionMask = 2147483647;
			files = (
			);
			runOnlyForDeploymentPostprocessing = 0;
		};
		6364AF0D1FE627DA0072F553 /* Frameworks */ = {
			isa = PBXFrameworksBuildPhase;
			buildActionMask = 2147483647;
			files = (
			);
			runOnlyForDeploymentPostprocessing = 0;
		};
		6364AF181FE627DA0072F553 /* Frameworks */ = {
			isa = PBXFrameworksBuildPhase;
			buildActionMask = 2147483647;
			files = (
			);
			runOnlyForDeploymentPostprocessing = 0;
		};
/* End PBXFrameworksBuildPhase section */

/* Begin PBXGroup section */
		6364AEF31FE627DA0072F553 = {
			isa = PBXGroup;
			children = (
				6364AEFE1FE627DA0072F553 /* ocrTest */,
				6364AF131FE627DA0072F553 /* ocrTestTests */,
				6364AF1E1FE627DA0072F553 /* ocrTestUITests */,
				6364AEFD1FE627DA0072F553 /* Products */,
			);
			sourceTree = "<group>";
		};
		6364AEFD1FE627DA0072F553 /* Products */ = {
			isa = PBXGroup;
			children = (
				6364AEFC1FE627DA0072F553 /* ocrTest.app */,
				6364AF101FE627DA0072F553 /* ocrTestTests.xctest */,
				6364AF1B1FE627DA0072F553 /* ocrTestUITests.xctest */,
			);
			name = Products;
			sourceTree = "<group>";
		};
		6364AEFE1FE627DA0072F553 /* ocrTest */ = {
			isa = PBXGroup;
			children = (
				6364AEFF1FE627DA0072F553 /* AppDelegate.swift */,
				6364AF011FE627DA0072F553 /* ViewController.swift */,
				6364AF031FE627DA0072F553 /* Main.storyboard */,
				6364AF061FE627DA0072F553 /* Assets.xcassets */,
				6364AF081FE627DA0072F553 /* LaunchScreen.storyboard */,
				6364AF0B1FE627DA0072F553 /* Info.plist */,
			);
			path = ocrTest;
			sourceTree = "<group>";
		};
		6364AF131FE627DA0072F553 /* ocrTestTests */ = {
			isa = PBXGroup;
			children = (
				6364AF141FE627DA0072F553 /* ocrTestTests.swift */,
				6364AF161FE627DA0072F553 /* Info.plist */,
			);
			path = ocrTestTests;
			sourceTree = "<group>";
		};
		6364AF1E1FE627DA0072F553 /* ocrTestUITests */ = {
			isa = PBXGroup;
			children = (
				6364AF1F1FE627DA0072F553 /* ocrTestUITests.swift */,
				6364AF211FE627DB0072F553 /* Info.plist */,
			);
			path = ocrTestUITests;
			sourceTree = "<group>";
		};
/* End PBXGroup section */

/* Begin PBXNativeTarget section */
		6364AEFB1FE627DA0072F553 /* ocrTest */ = {
			isa = PBXNativeTarget;
			buildConfigurationList = 6364AF241FE627DB0072F553 /* Build configuration list for PBXNativeTarget "ocrTest" */;
			buildPhases = (
				6364AEF81FE627DA0072F553 /* Sources */,
				6364AEF91FE627DA0072F553 /* Frameworks */,
				6364AEFA1FE627DA0072F553 /* Resources */,
			);
			buildRules = (
			);
			dependencies = (
			);
			name = ocrTest;
			productName = ocrTest;
			productReference = 6364AEFC1FE627DA0072F553 /* ocrTest.app */;
			productType = "com.apple.product-type.application";
		};
		6364AF0F1FE627DA0072F553 /* ocrTestTests */ = {
			isa = PBXNativeTarget;
			buildConfigurationList = 6364AF271FE627DB0072F553 /* Build configuration list for PBXNativeTarget "ocrTestTests" */;
			buildPhases = (
				6364AF0C1FE627DA0072F553 /* Sources */,
				6364AF0D1FE627DA0072F553 /* Frameworks */,
				6364AF0E1FE627DA0072F553 /* Resources */,
			);
			buildRules = (
			);
			dependencies = (
				6364AF121FE627DA0072F553 /* PBXTargetDependency */,
			);
			name = ocrTestTests;
			productName = ocrTestTests;
			productReference = 6364AF101FE627DA0072F553 /* ocrTestTests.xctest */;
			productType = "com.apple.product-type.bundle.unit-test";
		};
		6364AF1A1FE627DA0072F553 /* ocrTestUITests */ = {
			isa = PBXNativeTarget;
			buildConfigurationList = 6364AF2A1FE627DB0072F553 /* Build configuration list for PBXNativeTarget "ocrTestUITests" */;
			buildPhases = (
				6364AF171FE627DA0072F553 /* Sources */,
				6364AF181FE627DA0072F553 /* Frameworks */,
				6364AF191FE627DA0072F553 /* Resources */,
			);
			buildRules = (
			);
			dependencies = (
				6364AF1D1FE627DA0072F553 /* PBXTargetDependency */,
			);
			name = ocrTestUITests;
			productName = ocrTestUITests;
			productReference = 6364AF1B1FE627DA0072F553 /* ocrTestUITests.xctest */;
			productType = "com.apple.product-type.bundle.ui-testing";
		};
/* End PBXNativeTarget section */

/* Begin PBXProject section */
		6364AEF41FE627DA0072F553 /* Project object */ = {
			isa = PBXProject;
			attributes = {
				LastSwiftUpdateCheck = 0920;
				LastUpgradeCheck = 0920;
				ORGANIZATIONNAME = "David Murphy";
				TargetAttributes = {
					6364AEFB1FE627DA0072F553 = {
						CreatedOnToolsVersion = 9.2;
						ProvisioningStyle = Automatic;
					};
					6364AF0F1FE627DA0072F553 = {
						CreatedOnToolsVersion = 9.2;
						ProvisioningStyle = Automatic;
						TestTargetID = 6364AEFB1FE627DA0072F553;
					};
					6364AF1A1FE627DA0072F553 = {
						CreatedOnToolsVersion = 9.2;
						ProvisioningStyle = Automatic;
						TestTargetID = 6364AEFB1FE627DA0072F553;
					};
				};
			};
			buildConfigurationList = 6364AEF71FE627DA0072F553 /* Build configuration list for PBXProject "ocrTest" */;
			compatibilityVersion = "Xcode 8.0";
			developmentRegion = en;
			hasScannedForEncodings = 0;
			knownRegions = (
				en,
				Base,
			);
			mainGroup = 6364AEF31FE627DA0072F553;
			productRefGroup = 6364AEFD1FE627DA0072F553 /* Products */;
			projectDirPath = "";
			projectRoot = "";
			targets = (
				6364AEFB1FE627DA0072F553 /* ocrTest */,
				6364AF0F1FE627DA0072F553 /* ocrTestTests */,
				6364AF1A1FE627DA0072F553 /* ocrTestUITests */,
			);
		};
/* End PBXProject section */

/* Begin PBXResourcesBuildPhase section */
		6364AEFA1FE627DA0072F553 /* Resources */ = {
			isa = PBXResourcesBuildPhase;
			buildActionMask = 2147483647;
			files = (
				6364AF0A1FE627DA0072F553 /* LaunchScreen.storyboard in Resources */,
				6364AF071FE627DA0072F553 /* Assets.xcassets in Resources */,
				6364AF051FE627DA0072F553 /* Main.storyboard in Resources */,
			);
			runOnlyForDeploymentPostprocessing = 0;
		};
		6364AF0E1FE627DA0072F553 /* Resources */ = {
			isa = PBXResourcesBuildPhase;
			buildActionMask = 2147483647;
			files = (
			);
			runOnlyForDeploymentPostprocessing = 0;
		};
		6364AF191FE627DA0072F553 /* Resources */ = {
			isa = PBXResourcesBuildPhase;
			buildActionMask = 2147483647;
			files = (
			);
			runOnlyForDeploymentPostprocessing = 0;
		};
/* End PBXResourcesBuildPhase section */

/* Begin PBXSourcesBuildPhase section */
		6364AEF81FE627DA0072F553 /* Sources */ = {
			isa = PBXSourcesBuildPhase;
			buildActionMask = 2147483647;
			files = (
				6364AF021FE627DA0072F553 /* ViewController.swift in Sources */,
				6364AF001FE627DA0072F553 /* AppDelegate.swift in Sources */,
			);
			runOnlyForDeploymentPostprocessing = 0;
		};
		6364AF0C1FE627DA0072F553 /* Sources */ = {
			isa = PBXSourcesBuildPhase;
			buildActionMask = 2147483647;
			files = (
				6364AF151FE627DA0072F553 /* ocrTestTests.swift in Sources */,
			);
			runOnlyForDeploymentPostprocessing = 0;
		};
		6364AF171FE627DA0072F553 /* Sources */ = {
			isa = PBXSourcesBuildPhase;
			buildActionMask = 2147483647;
			files = (
				6364AF201FE627DA0072F553 /* ocrTestUITests.swift in Sources */,
			);
			runOnlyForDeploymentPostprocessing = 0;
		};
/* End PBXSourcesBuildPhase section */

/* Begin PBXTargetDependency section */
		6364AF121FE627DA0072F553 /* PBXTargetDependency */ = {
			isa = PBXTargetDependency;
			target = 6364AEFB1FE627DA0072F553 /* ocrTest */;
			targetProxy = 6364AF111FE627DA0072F553 /* PBXContainerItemProxy */;
		};
		6364AF1D1FE627DA0072F553 /* PBXTargetDependency */ = {
			isa = PBXTargetDependency;
			target = 6364AEFB1FE627DA0072F553 /* ocrTest */;
			targetProxy = 6364AF1C1FE627DA0072F553 /* PBXContainerItemProxy */;
		};
/* End PBXTargetDependency section */

/* Begin PBXVariantGroup section */
		6364AF031FE627DA0072F553 /* Main.storyboard */ = {
			isa = PBXVariantGroup;
			children = (
				6364AF041FE627DA0072F553 /* Base */,
			);
			name = Main.storyboard;
			sourceTree = "<group>";
		};
		6364AF081FE627DA0072F553 /* LaunchScreen.storyboard */ = {
			isa = PBXVariantGroup;
			children = (
				6364AF091FE627DA0072F553 /* Base */,
			);
			name = LaunchScreen.storyboard;
			sourceTree = "<group>";
		};
/* End PBXVariantGroup section */

/* Begin XCBuildConfiguration section */
		6364AF221FE627DB0072F553 /* Debug */ = {
			isa = XCBuildConfiguration;
			buildSettings = {
				ALWAYS_SEARCH_USER_PATHS = NO;
				CLANG_ANALYZER_NONNULL = YES;
				CLANG_ANALYZER_NUMBER_OBJECT_CONVERSION = YES_AGGRESSIVE;
				CLANG_CXX_LANGUAGE_STANDARD = "gnu++14";
				CLANG_CXX_LIBRARY = "libc++";
				CLANG_ENABLE_MODULES = YES;
				CLANG_ENABLE_OBJC_ARC = YES;
				CLANG_WARN_BLOCK_CAPTURE_AUTORELEASING = YES;
				CLANG_WARN_BOOL_CONVERSION = YES;
				CLANG_WARN_COMMA = YES;
				CLANG_WARN_CONSTANT_CONVERSION = YES;
				CLANG_WARN_DIRECT_OBJC_ISA_USAGE = YES_ERROR;
				CLANG_WARN_DOCUMENTATION_COMMENTS = YES;
				CLANG_WARN_EMPTY_BODY = YES;
				CLANG_WARN_ENUM_CONVERSION = YES;
				CLANG_WARN_INFINITE_RECURSION = YES;
				CLANG_WARN_INT_CONVERSION = YES;
				CLANG_WARN_NON_LITERAL_NULL_CONVERSION = YES;
				CLANG_WARN_OBJC_LITERAL_CONVERSION = YES;
				CLANG_WARN_OBJC_ROOT_CLASS = YES_ERROR;
				CLANG_WARN_RANGE_LOOP_ANALYSIS = YES;
				CLANG_WARN_STRICT_PROTOTYPES = YES;
				CLANG_WARN_SUSPICIOUS_MOVE = YES;
				CLANG_WARN_UNGUARDED_AVAILABILITY = YES_AGGRESSIVE;
				CLANG_WARN_UNREACHABLE_CODE = YES;
				CLANG_WARN__DUPLICATE_METHOD_MATCH = YES;
				CODE_SIGN_IDENTITY = "iPhone Developer";
				COPY_PHASE_STRIP = NO;
				DEBUG_INFORMATION_FORMAT = dwarf;
				ENABLE_STRICT_OBJC_MSGSEND = YES;
				ENABLE_TESTABILITY = YES;
				GCC_C_LANGUAGE_STANDARD = gnu11;
				GCC_DYNAMIC_NO_PIC = NO;
				GCC_NO_COMMON_BLOCKS = YES;
				GCC_OPTIMIZATION_LEVEL = 0;
				GCC_PREPROCESSOR_DEFINITIONS = (
					"DEBUG=1",
					"$(inherited)",
				);
				GCC_WARN_64_TO_32_BIT_CONVERSION = YES;
				GCC_WARN_ABOUT_RETURN_TYPE = YES_ERROR;
				GCC_WARN_UNDECLARED_SELECTOR = YES;
				GCC_WARN_UNINITIALIZED_AUTOS = YES_AGGRESSIVE;
				GCC_WARN_UNUSED_FUNCTION = YES;
				GCC_WARN_UNUSED_VARIABLE = YES;
				IPHONEOS_DEPLOYMENT_TARGET = 11.2;
				MTL_ENABLE_DEBUG_INFO = YES;
				ONLY_ACTIVE_ARCH = YES;
				SDKROOT = iphoneos;
				SWIFT_ACTIVE_COMPILATION_CONDITIONS = DEBUG;
				SWIFT_OPTIMIZATION_LEVEL = "-Onone";
			};
			name = Debug;
		};
		6364AF231FE627DB0072F553 /* Release */ = {
			isa = XCBuildConfiguration;
			buildSettings = {
				ALWAYS_SEARCH_USER_PATHS = NO;
				CLANG_ANALYZER_NONNULL = YES;
				CLANG_ANALYZER_NUMBER_OBJECT_CONVERSION = YES_AGGRESSIVE;
				CLANG_CXX_LANGUAGE_STANDARD = "gnu++14";
				CLANG_CXX_LIBRARY = "libc++";
				CLANG_ENABLE_MODULES = YES;
				CLANG_ENABLE_OBJC_ARC = YES;
				CLANG_WARN_BLOCK_CAPTURE_AUTORELEASING = YES;
				CLANG_WARN_BOOL_CONVERSION = YES;
				CLANG_WARN_COMMA = YES;
				CLANG_WARN_CONSTANT_CONVERSION = YES;
				CLANG_WARN_DIRECT_OBJC_ISA_USAGE = YES_ERROR;
				CLANG_WARN_DOCUMENTATION_COMMENTS = YES;
				CLANG_WARN_EMPTY_BODY = YES;
				CLANG_WARN_ENUM_CONVERSION = YES;
				CLANG_WARN_INFINITE_RECURSION = YES;
				CLANG_WARN_INT_CONVERSION = YES;
				CLANG_WARN_NON_LITERAL_NULL_CONVERSION = YES;
				CLANG_WARN_OBJC_LITERAL_CONVERSION = YES;
				CLANG_WARN_OBJC_ROOT_CLASS = YES_ERROR;
				CLANG_WARN_RANGE_LOOP_ANALYSIS = YES;
				CLANG_WARN_STRICT_PROTOTYPES = YES;
				CLANG_WARN_SUSPICIOUS_MOVE = YES;
				CLANG_WARN_UNGUARDED_AVAILABILITY = YES_AGGRESSIVE;
				CLANG_WARN_UNREACHABLE_CODE = YES;
				CLANG_WARN__DUPLICATE_METHOD_MATCH = YES;
				CODE_SIGN_IDENTITY = "iPhone Developer";
				COPY_PHASE_STRIP = NO;
				DEBUG_INFORMATION_FORMAT = "dwarf-with-dsym";
				ENABLE_NS_ASSERTIONS = NO;
				ENABLE_STRICT_OBJC_MSGSEND = YES;
				GCC_C_LANGUAGE_STANDARD = gnu11;
				GCC_NO_COMMON_BLOCKS = YES;
				GCC_WARN_64_TO_32_BIT_CONVERSION = YES;
				GCC_WARN_ABOUT_RETURN_TYPE = YES_ERROR;
				GCC_WARN_UNDECLARED_SELECTOR = YES;
				GCC_WARN_UNINITIALIZED_AUTOS = YES_AGGRESSIVE;
				GCC_WARN_UNUSED_FUNCTION = YES;
				GCC_WARN_UNUSED_VARIABLE = YES;
				IPHONEOS_DEPLOYMENT_TARGET = 11.2;
				MTL_ENABLE_DEBUG_INFO = NO;
				SDKROOT = iphoneos;
				SWIFT_OPTIMIZATION_LEVEL = "-Owholemodule";
				VALIDATE_PRODUCT = YES;
			};
			name = Release;
		};
		6364AF251FE627DB0072F553 /* Debug */ = {
			isa = XCBuildConfiguration;
			buildSettings = {
				ASSETCATALOG_COMPILER_APPICON_NAME = AppIcon;
				CODE_SIGN_STYLE = Automatic;
				DEVELOPMENT_TEAM = W6AA4U45PD;
				INFOPLIST_FILE = ocrTest/Info.plist;
				LD_RUNPATH_SEARCH_PATHS = "$(inherited) @executable_path/Frameworks";
				PRODUCT_BUNDLE_IDENTIFIER = com.practiceCoreML.ocrTest;
				PRODUCT_NAME = "$(TARGET_NAME)";
				SWIFT_VERSION = 4.0;
				TARGETED_DEVICE_FAMILY = "1,2";
			};
			name = Debug;
		};
		6364AF261FE627DB0072F553 /* Release */ = {
			isa = XCBuildConfiguration;
			buildSettings = {
				ASSETCATALOG_COMPILER_APPICON_NAME = AppIcon;
				CODE_SIGN_STYLE = Automatic;
				DEVELOPMENT_TEAM = W6AA4U45PD;
				INFOPLIST_FILE = ocrTest/Info.plist;
				LD_RUNPATH_SEARCH_PATHS = "$(inherited) @executable_path/Frameworks";
				PRODUCT_BUNDLE_IDENTIFIER = com.practiceCoreML.ocrTest;
				PRODUCT_NAME = "$(TARGET_NAME)";
				SWIFT_VERSION = 4.0;
				TARGETED_DEVICE_FAMILY = "1,2";
			};
			name = Release;
		};
		6364AF281FE627DB0072F553 /* Debug */ = {
			isa = XCBuildConfiguration;
			buildSettings = {
				ALWAYS_EMBED_SWIFT_STANDARD_LIBRARIES = YES;
				BUNDLE_LOADER = "$(TEST_HOST)";
				CODE_SIGN_STYLE = Automatic;
				DEVELOPMENT_TEAM = W6AA4U45PD;
				INFOPLIST_FILE = ocrTestTests/Info.plist;
				LD_RUNPATH_SEARCH_PATHS = "$(inherited) @executable_path/Frameworks @loader_path/Frameworks";
				PRODUCT_BUNDLE_IDENTIFIER = com.practiceCoreML.ocrTestTests;
				PRODUCT_NAME = "$(TARGET_NAME)";
				SWIFT_VERSION = 4.0;
				TARGETED_DEVICE_FAMILY = "1,2";
				TEST_HOST = "$(BUILT_PRODUCTS_DIR)/ocrTest.app/ocrTest";
			};
			name = Debug;
		};
		6364AF291FE627DB0072F553 /* Release */ = {
			isa = XCBuildConfiguration;
			buildSettings = {
				ALWAYS_EMBED_SWIFT_STANDARD_LIBRARIES = YES;
				BUNDLE_LOADER = "$(TEST_HOST)";
				CODE_SIGN_STYLE = Automatic;
				DEVELOPMENT_TEAM = W6AA4U45PD;
				INFOPLIST_FILE = ocrTestTests/Info.plist;
				LD_RUNPATH_SEARCH_PATHS = "$(inherited) @executable_path/Frameworks @loader_path/Frameworks";
				PRODUCT_BUNDLE_IDENTIFIER = com.practiceCoreML.ocrTestTests;
				PRODUCT_NAME = "$(TARGET_NAME)";
				SWIFT_VERSION = 4.0;
				TARGETED_DEVICE_FAMILY = "1,2";
				TEST_HOST = "$(BUILT_PRODUCTS_DIR)/ocrTest.app/ocrTest";
			};
			name = Release;
		};
		6364AF2B1FE627DB0072F553 /* Debug */ = {
			isa = XCBuildConfiguration;
			buildSettings = {
				ALWAYS_EMBED_SWIFT_STANDARD_LIBRARIES = YES;
				CODE_SIGN_STYLE = Automatic;
				DEVELOPMENT_TEAM = W6AA4U45PD;
				INFOPLIST_FILE = ocrTestUITests/Info.plist;
				LD_RUNPATH_SEARCH_PATHS = "$(inherited) @executable_path/Frameworks @loader_path/Frameworks";
				PRODUCT_BUNDLE_IDENTIFIER = com.practiceCoreML.ocrTestUITests;
				PRODUCT_NAME = "$(TARGET_NAME)";
				SWIFT_VERSION = 4.0;
				TARGETED_DEVICE_FAMILY = "1,2";
				TEST_TARGET_NAME = ocrTest;
			};
			name = Debug;
		};
		6364AF2C1FE627DB0072F553 /* Release */ = {
			isa = XCBuildConfiguration;
			buildSettings = {
				ALWAYS_EMBED_SWIFT_STANDARD_LIBRARIES = YES;
				CODE_SIGN_STYLE = Automatic;
				DEVELOPMENT_TEAM = W6AA4U45PD;
				INFOPLIST_FILE = ocrTestUITests/Info.plist;
				LD_RUNPATH_SEARCH_PATHS = "$(inherited) @executable_path/Frameworks @loader_path/Frameworks";
				PRODUCT_BUNDLE_IDENTIFIER = com.practiceCoreML.ocrTestUITests;
				PRODUCT_NAME = "$(TARGET_NAME)";
				SWIFT_VERSION = 4.0;
				TARGETED_DEVICE_FAMILY = "1,2";
				TEST_TARGET_NAME = ocrTest;
			};
			name = Release;
		};
/* End XCBuildConfiguration section */

/* Begin XCConfigurationList section */
		6364AEF71FE627DA0072F553 /* Build configuration list for PBXProject "ocrTest" */ = {
			isa = XCConfigurationList;
			buildConfigurations = (
				6364AF221FE627DB0072F553 /* Debug */,
				6364AF231FE627DB0072F553 /* Release */,
			);
			defaultConfigurationIsVisible = 0;
			defaultConfigurationName = Release;
		};
		6364AF241FE627DB0072F553 /* Build configuration list for PBXNativeTarget "ocrTest" */ = {
			isa = XCConfigurationList;
			buildConfigurations = (
				6364AF251FE627DB0072F553 /* Debug */,
				6364AF261FE627DB0072F553 /* Release */,
			);
			defaultConfigurationIsVisible = 0;
			defaultConfigurationName = Release;
		};
		6364AF271FE627DB0072F553 /* Build configuration list for PBXNativeTarget "ocrTestTests" */ = {
			isa = XCConfigurationList;
			buildConfigurations = (
				6364AF281FE627DB0072F553 /* Debug */,
				6364AF291FE627DB0072F553 /* Release */,
			);
			defaultConfigurationIsVisible = 0;
			defaultConfigurationName = Release;
		};
		6364AF2A1FE627DB0072F553 /* Build configuration list for PBXNativeTarget "ocrTestUITests" */ = {
			isa = XCConfigurationList;
			buildConfigurations = (
				6364AF2B1FE627DB0072F553 /* Debug */,
				6364AF2C1FE627DB0072F553 /* Release */,
			);
			defaultConfigurationIsVisible = 0;
			defaultConfigurationName = Release;
		};
/* End XCConfigurationList section */
	};
	rootObject = 6364AEF41FE627DA0072F553 /* Project object */;
}
